
Microsoft Visual Studio Solution File, Format Version 12.00
# Visual Studio Version 17
VisualStudioVersion = 17.7.34024.191
MinimumVisualStudioVersion = 10.0.40219.1
Project("{FAE04EC0-301F-11D3-BF4B-00C04F79EFBC}") = "LeaveManagementSystem", "LeaveManagementSystem\LeaveManagementSystem.csproj", "{E292270E-5913-4805-AA43-86F6CB99B5A5}"
EndProject
Project("{FAE04EC0-301F-11D3-BF4B-00C04F79EFBC}") = "LeaveManagementSystem.Models", "LeaveManagementSystem.Models\LeaveManagementSystem.Models.csproj", "{DA4DEC63-F891-4BD9-A26F-6584BB7D7BB1}"
EndProject
Project("{FAE04EC0-301F-11D3-BF4B-00C04F79EFBC}") = "LeaveManagementSystem.Services", "LeaveManagementSystem.Services\LeaveManagementSystem.Services.csproj", "{157CE1A1-5F4F-44B8-A81F-DAA29C6D4343}"
EndProject
Global
	GlobalSection(SolutionConfigurationPlatforms) = preSolution
		Debug|Any CPU = Debug|Any CPU
		Release|Any CPU = Release|Any CPU
	EndGlobalSection
	GlobalSection(ProjectConfigurationPlatforms) = postSolution
		{E292270E-5913-4805-AA43-86F6CB99B5A5}.Debug|Any CPU.ActiveCfg = Debug|Any CPU
		{E292270E-5913-4805-AA43-86F6CB99B5A5}.Debug|Any CPU.Build.0 = Debug|Any CPU
		{E292270E-5913-4805-AA43-86F6CB99B5A5}.Release|Any CPU.ActiveCfg = Release|Any CPU
		{E292270E-5913-4805-AA43-86F6CB99B5A5}.Release|Any CPU.Build.0 = Release|Any CPU
		{DA4DEC63-F891-4BD9-A26F-6584BB7D7BB1}.Debug|Any CPU.ActiveCfg = Debug|Any CPU
		{DA4DEC63-F891-4BD9-A26F-6584BB7D7BB1}.Debug|Any CPU.Build.0 = Debug|Any CPU
		{DA4DEC63-F891-4BD9-A26F-6584BB7D7BB1}.Release|Any CPU.ActiveCfg = Release|Any CPU
		{DA4DEC63-F891-4BD9-A26F-6584BB7D7BB1}.Release|Any CPU.Build.0 = Release|Any CPU
		{157CE1A1-5F4F-44B8-A81F-DAA29C6D4343}.Debug|Any CPU.ActiveCfg = Debug|Any CPU
		{157CE1A1-5F4F-44B8-A81F-DAA29C6D4343}.Debug|Any CPU.Build.0 = Debug|Any CPU
		{157CE1A1-5F4F-44B8-A81F-DAA29C6D4343}.Release|Any CPU.ActiveCfg = Release|Any CPU
		{157CE1A1-5F4F-44B8-A81F-DAA29C6D4343}.Release|Any CPU.Build.0 = Release|Any CPU
	EndGlobalSection
	GlobalSection(SolutionProperties) = preSolution
		HideSolutionNode = FALSE
	EndGlobalSection
	GlobalSection(ExtensibilityGlobals) = postSolution
		SolutionGuid = {E5A8FF28-B121-406D-9320-96722F4B813C}
	EndGlobalSection
EndGlobal
